
Microsoft Visual Studio Solution File, Format Version 12.00
# Visual Studio Version 17
VisualStudioVersion = 17.12.35521.163
MinimumVisualStudioVersion = 10.0.40219.1
Project("{FAE04EC0-301F-11D3-BF4B-00C04F79EFBC}") = "lesson29", "lesson29.csproj", "{EE52CA31-36D9-4D31-876B-7A9749F1FDB1}"
EndProject
Project("{FAE04EC0-301F-11D3-BF4B-00C04F79EFBC}") = "Library", "..\Library\Library.csproj", "{182D29A5-E458-4392-BD24-92728C7D0D9C}"
EndProject
Global
	GlobalSection(SolutionConfigurationPlatforms) = preSolution
		Debug|Any CPU = Debug|Any CPU
		Release|Any CPU = Release|Any CPU
	EndGlobalSection
	GlobalSection(ProjectConfigurationPlatforms) = postSolution
		{EE52CA31-36D9-4D31-876B-7A9749F1FDB1}.Debug|Any CPU.ActiveCfg = Debug|Any CPU
		{EE52CA31-36D9-4D31-876B-7A9749F1FDB1}.Debug|Any CPU.Build.0 = Debug|Any CPU
		{EE52CA31-36D9-4D31-876B-7A9749F1FDB1}.Release|Any CPU.ActiveCfg = Release|Any CPU
		{EE52CA31-36D9-4D31-876B-7A9749F1FDB1}.Release|Any CPU.Build.0 = Release|Any CPU
		{182D29A5-E458-4392-BD24-92728C7D0D9C}.Debug|Any CPU.ActiveCfg = Debug|Any CPU
		{182D29A5-E458-4392-BD24-92728C7D0D9C}.Debug|Any CPU.Build.0 = Debug|Any CPU
		{182D29A5-E458-4392-BD24-92728C7D0D9C}.Release|Any CPU.ActiveCfg = Release|Any CPU
		{182D29A5-E458-4392-BD24-92728C7D0D9C}.Release|Any CPU.Build.0 = Release|Any CPU
	EndGlobalSection
	GlobalSection(SolutionProperties) = preSolution
		HideSolutionNode = FALSE
	EndGlobalSection
EndGlobal
